// !$*UTF8*$!
{
	archiveVersion = 1;
	classes = {
	};
	objectVersion = 50;
	objects = {

/* Begin PBXBuildFile section */
		8D74BBD026354B3F007178C8 /* AppDelegate.m in Sources */ = {isa = PBXBuildFile; fileRef = 8D74BBCF26354B3F007178C8 /* AppDelegate.m */; };
		8D74BBDB26354B42007178C8 /* Assets.xcassets in Resources */ = {isa = PBXBuildFile; fileRef = 8D74BBDA26354B42007178C8 /* Assets.xcassets */; };
		8D74BBDE26354B42007178C8 /* LaunchScreen.storyboard in Resources */ = {isa = PBXBuildFile; fileRef = 8D74BBDC26354B42007178C8 /* LaunchScreen.storyboard */; };
		8D74BBE126354B42007178C8 /* main.m in Sources */ = {isa = PBXBuildFile; fileRef = 8D74BBE026354B42007178C8 /* main.m */; };
		8D74BBEB26354B43007178C8 /* YKAlertViewDemoTests.m in Sources */ = {isa = PBXBuildFile; fileRef = 8D74BBEA26354B43007178C8 /* YKAlertViewDemoTests.m */; };
		8D74BBF626354B43007178C8 /* YKAlertViewDemoUITests.m in Sources */ = {isa = PBXBuildFile; fileRef = 8D74BBF526354B43007178C8 /* YKAlertViewDemoUITests.m */; };
		8D74BC0B26354BC1007178C8 /* TableViewController.m in Sources */ = {isa = PBXBuildFile; fileRef = 8D74BC0A26354BC1007178C8 /* TableViewController.m */; };
		8DA4C5B72638FB3F002A5412 /* SysAlertController.m in Sources */ = {isa = PBXBuildFile; fileRef = 8DA4C5AB2638FB3F002A5412 /* SysAlertController.m */; };
		8DA4C5B82638FB3F002A5412 /* SysAlertView.m in Sources */ = {isa = PBXBuildFile; fileRef = 8DA4C5AC2638FB3F002A5412 /* SysAlertView.m */; };
		8DA4C5B92638FB3F002A5412 /* YKAlertView.m in Sources */ = {isa = PBXBuildFile; fileRef = 8DA4C5B12638FB3F002A5412 /* YKAlertView.m */; };
		8DA4C5BA2638FB3F002A5412 /* YKActionSheetCell.m in Sources */ = {isa = PBXBuildFile; fileRef = 8DA4C5B22638FB3F002A5412 /* YKActionSheetCell.m */; };
		8DA4C5BB2638FB3F002A5412 /* YKActionSheetCell.xib in Resources */ = {isa = PBXBuildFile; fileRef = 8DA4C5B32638FB3F002A5412 /* YKActionSheetCell.xib */; };
/* End PBXBuildFile section */

/* Begin PBXContainerItemProxy section */
		8D74BBE726354B43007178C8 /* PBXContainerItemProxy */ = {
			isa = PBXContainerItemProxy;
			containerPortal = 8D74BBC326354B3F007178C8 /* Project object */;
			proxyType = 1;
			remoteGlobalIDString = 8D74BBCA26354B3F007178C8;
			remoteInfo = YKAlertViewDemo;
		};
		8D74BBF226354B43007178C8 /* PBXContainerItemProxy */ = {
			isa = PBXContainerItemProxy;
			containerPortal = 8D74BBC326354B3F007178C8 /* Project object */;
			proxyType = 1;
			remoteGlobalIDString = 8D74BBCA26354B3F007178C8;
			remoteInfo = YKAlertViewDemo;
		};
/* End PBXContainerItemProxy section */

/* Begin PBXFileReference section */
		8D74BBCB26354B3F007178C8 /* YKAlertViewDemo.app */ = {isa = PBXFileReference; explicitFileType = wrapper.application; includeInIndex = 0; path = YKAlertViewDemo.app; sourceTree = BUILT_PRODUCTS_DIR; };
		8D74BBCE26354B3F007178C8 /* AppDelegate.h */ = {isa = PBXFileReference; lastKnownFileType = sourcecode.c.h; path = AppDelegate.h; sourceTree = "<group>"; };
		8D74BBCF26354B3F007178C8 /* AppDelegate.m */ = {isa = PBXFileReference; lastKnownFileType = sourcecode.c.objc; path = AppDelegate.m; sourceTree = "<group>"; };
		8D74BBDA26354B42007178C8 /* Assets.xcassets */ = {isa = PBXFileReference; lastKnownFileType = folder.assetcatalog; path = Assets.xcassets; sourceTree = "<group>"; };
		8D74BBDD26354B42007178C8 /* Base */ = {isa = PBXFileReference; lastKnownFileType = file.storyboard; name = Base; path = Base.lproj/LaunchScreen.storyboard; sourceTree = "<group>"; };
		8D74BBDF26354B42007178C8 /* Info.plist */ = {isa = PBXFileReference; lastKnownFileType = text.plist.xml; path = Info.plist; sourceTree = "<group>"; };
		8D74BBE026354B42007178C8 /* main.m */ = {isa = PBXFileReference; lastKnownFileType = sourcecode.c.objc; path = main.m; sourceTree = "<group>"; };
		8D74BBE626354B43007178C8 /* YKAlertViewDemoTests.xctest */ = {isa = PBXFileReference; explicitFileType = wrapper.cfbundle; includeInIndex = 0; path = YKAlertViewDemoTests.xctest; sourceTree = BUILT_PRODUCTS_DIR; };
		8D74BBEA26354B43007178C8 /* YKAlertViewDemoTests.m */ = {isa = PBXFileReference; lastKnownFileType = sourcecode.c.objc; path = YKAlertViewDemoTests.m; sourceTree = "<group>"; };
		8D74BBEC26354B43007178C8 /* Info.plist */ = {isa = PBXFileReference; lastKnownFileType = text.plist.xml; path = Info.plist; sourceTree = "<group>"; };
		8D74BBF126354B43007178C8 /* YKAlertViewDemoUITests.xctest */ = {isa = PBXFileReference; explicitFileType = wrapper.cfbundle; includeInIndex = 0; path = YKAlertViewDemoUITests.xctest; sourceTree = BUILT_PRODUCTS_DIR; };
		8D74BBF526354B43007178C8 /* YKAlertViewDemoUITests.m */ = {isa = PBXFileReference; lastKnownFileType = sourcecode.c.objc; path = YKAlertViewDemoUITests.m; sourceTree = "<group>"; };
		8D74BBF726354B43007178C8 /* Info.plist */ = {isa = PBXFileReference; lastKnownFileType = text.plist.xml; path = Info.plist; sourceTree = "<group>"; };
		8D74BC0926354BC1007178C8 /* TableViewController.h */ = {isa = PBXFileReference; lastKnownFileType = sourcecode.c.h; path = TableViewController.h; sourceTree = "<group>"; };
		8D74BC0A26354BC1007178C8 /* TableViewController.m */ = {isa = PBXFileReference; lastKnownFileType = sourcecode.c.objc; path = TableViewController.m; sourceTree = "<group>"; };
		8DA4C5AB2638FB3F002A5412 /* SysAlertController.m */ = {isa = PBXFileReference; fileEncoding = 4; lastKnownFileType = sourcecode.c.objc; path = SysAlertController.m; sourceTree = "<group>"; };
		8DA4C5AC2638FB3F002A5412 /* SysAlertView.m */ = {isa = PBXFileReference; fileEncoding = 4; lastKnownFileType = sourcecode.c.objc; path = SysAlertView.m; sourceTree = "<group>"; };
		8DA4C5AD2638FB3F002A5412 /* SysAlertHeader.h */ = {isa = PBXFileReference; fileEncoding = 4; lastKnownFileType = sourcecode.c.h; path = SysAlertHeader.h; sourceTree = "<group>"; };
		8DA4C5AE2638FB3F002A5412 /* SysAlertController.h */ = {isa = PBXFileReference; fileEncoding = 4; lastKnownFileType = sourcecode.c.h; path = SysAlertController.h; sourceTree = "<group>"; };
		8DA4C5AF2638FB3F002A5412 /* SysAlertView.h */ = {isa = PBXFileReference; fileEncoding = 4; lastKnownFileType = sourcecode.c.h; path = SysAlertView.h; sourceTree = "<group>"; };
		8DA4C5B12638FB3F002A5412 /* YKAlertView.m */ = {isa = PBXFileReference; fileEncoding = 4; lastKnownFileType = sourcecode.c.objc; path = YKAlertView.m; sourceTree = "<group>"; };
		8DA4C5B22638FB3F002A5412 /* YKActionSheetCell.m */ = {isa = PBXFileReference; fileEncoding = 4; lastKnownFileType = sourcecode.c.objc; path = YKActionSheetCell.m; sourceTree = "<group>"; };
		8DA4C5B32638FB3F002A5412 /* YKActionSheetCell.xib */ = {isa = PBXFileReference; fileEncoding = 4; lastKnownFileType = file.xib; path = YKActionSheetCell.xib; sourceTree = "<group>"; };
		8DA4C5B42638FB3F002A5412 /* YKAlertViewHeader.h */ = {isa = PBXFileReference; fileEncoding = 4; lastKnownFileType = sourcecode.c.h; path = YKAlertViewHeader.h; sourceTree = "<group>"; };
		8DA4C5B52638FB3F002A5412 /* YKAlertView.h */ = {isa = PBXFileReference; fileEncoding = 4; lastKnownFileType = sourcecode.c.h; path = YKAlertView.h; sourceTree = "<group>"; };
		8DA4C5B62638FB3F002A5412 /* YKActionSheetCell.h */ = {isa = PBXFileReference; fileEncoding = 4; lastKnownFileType = sourcecode.c.h; path = YKActionSheetCell.h; sourceTree = "<group>"; };
/* End PBXFileReference section */

/* Begin PBXFrameworksBuildPhase section */
		8D74BBC826354B3F007178C8 /* Frameworks */ = {
			isa = PBXFrameworksBuildPhase;
			buildActionMask = 2147483647;
			files = (
			);
			runOnlyForDeploymentPostprocessing = 0;
		};
		8D74BBE326354B43007178C8 /* Frameworks */ = {
			isa = PBXFrameworksBuildPhase;
			buildActionMask = 2147483647;
			files = (
			);
			runOnlyForDeploymentPostprocessing = 0;
		};
		8D74BBEE26354B43007178C8 /* Frameworks */ = {
			isa = PBXFrameworksBuildPhase;
			buildActionMask = 2147483647;
			files = (
			);
			runOnlyForDeploymentPostprocessing = 0;
		};
/* End PBXFrameworksBuildPhase section */

/* Begin PBXGroup section */
		8D74BBC226354B3E007178C8 = {
			isa = PBXGroup;
			children = (
				8D74BBCD26354B3F007178C8 /* YKAlertViewDemo */,
				8D74BBE926354B43007178C8 /* YKAlertViewDemoTests */,
				8D74BBF426354B43007178C8 /* YKAlertViewDemoUITests */,
				8D74BBCC26354B3F007178C8 /* Products */,
			);
			sourceTree = "<group>";
		};
		8D74BBCC26354B3F007178C8 /* Products */ = {
			isa = PBXGroup;
			children = (
				8D74BBCB26354B3F007178C8 /* YKAlertViewDemo.app */,
				8D74BBE626354B43007178C8 /* YKAlertViewDemoTests.xctest */,
				8D74BBF126354B43007178C8 /* YKAlertViewDemoUITests.xctest */,
			);
			name = Products;
			sourceTree = "<group>";
		};
		8D74BBCD26354B3F007178C8 /* YKAlertViewDemo */ = {
			isa = PBXGroup;
			children = (
				8DA4C5A92638FB3F002A5412 /* YKAlertManager */,
				8D74BBCE26354B3F007178C8 /* AppDelegate.h */,
				8D74BBCF26354B3F007178C8 /* AppDelegate.m */,
				8D74BC0926354BC1007178C8 /* TableViewController.h */,
				8D74BC0A26354BC1007178C8 /* TableViewController.m */,
				8D74BBDA26354B42007178C8 /* Assets.xcassets */,
				8D74BBDC26354B42007178C8 /* LaunchScreen.storyboard */,
				8D74BBDF26354B42007178C8 /* Info.plist */,
				8D74BBE026354B42007178C8 /* main.m */,
			);
			path = YKAlertViewDemo;
			sourceTree = "<group>";
		};
		8D74BBE926354B43007178C8 /* YKAlertViewDemoTests */ = {
			isa = PBXGroup;
			children = (
				8D74BBEA26354B43007178C8 /* YKAlertViewDemoTests.m */,
				8D74BBEC26354B43007178C8 /* Info.plist */,
			);
			path = YKAlertViewDemoTests;
			sourceTree = "<group>";
		};
		8D74BBF426354B43007178C8 /* YKAlertViewDemoUITests */ = {
			isa = PBXGroup;
			children = (
				8D74BBF526354B43007178C8 /* YKAlertViewDemoUITests.m */,
				8D74BBF726354B43007178C8 /* Info.plist */,
			);
			path = YKAlertViewDemoUITests;
			sourceTree = "<group>";
		};
		8DA4C5A92638FB3F002A5412 /* YKAlertManager */ = {
			isa = PBXGroup;
			children = (
				8DA4C5AA2638FB3F002A5412 /* SysAlertView */,
				8DA4C5B02638FB3F002A5412 /* YKAlertView */,
			);
			path = YKAlertManager;
			sourceTree = "<group>";
		};
		8DA4C5AA2638FB3F002A5412 /* SysAlertView */ = {
			isa = PBXGroup;
			children = (
				8DA4C5AD2638FB3F002A5412 /* SysAlertHeader.h */,
				8DA4C5AF2638FB3F002A5412 /* SysAlertView.h */,
				8DA4C5AC2638FB3F002A5412 /* SysAlertView.m */,
				8DA4C5AE2638FB3F002A5412 /* SysAlertController.h */,
				8DA4C5AB2638FB3F002A5412 /* SysAlertController.m */,
			);
			path = SysAlertView;
			sourceTree = "<group>";
		};
		8DA4C5B02638FB3F002A5412 /* YKAlertView */ = {
			isa = PBXGroup;
			children = (
				8DA4C5B42638FB3F002A5412 /* YKAlertViewHeader.h */,
				8DA4C5B52638FB3F002A5412 /* YKAlertView.h */,
				8DA4C5B12638FB3F002A5412 /* YKAlertView.m */,
				8DA4C5B62638FB3F002A5412 /* YKActionSheetCell.h */,
				8DA4C5B22638FB3F002A5412 /* YKActionSheetCell.m */,
				8DA4C5B32638FB3F002A5412 /* YKActionSheetCell.xib */,
			);
			path = YKAlertView;
			sourceTree = "<group>";
		};
/* End PBXGroup section */

/* Begin PBXNativeTarget section */
		8D74BBCA26354B3F007178C8 /* YKAlertViewDemo */ = {
			isa = PBXNativeTarget;
			buildConfigurationList = 8D74BBFA26354B43007178C8 /* Build configuration list for PBXNativeTarget "YKAlertViewDemo" */;
			buildPhases = (
				8D74BBC726354B3F007178C8 /* Sources */,
				8D74BBC826354B3F007178C8 /* Frameworks */,
				8D74BBC926354B3F007178C8 /* Resources */,
			);
			buildRules = (
			);
			dependencies = (
			);
			name = YKAlertViewDemo;
			productName = YKAlertViewDemo;
			productReference = 8D74BBCB26354B3F007178C8 /* YKAlertViewDemo.app */;
			productType = "com.apple.product-type.application";
		};
		8D74BBE526354B43007178C8 /* YKAlertViewDemoTests */ = {
			isa = PBXNativeTarget;
			buildConfigurationList = 8D74BBFD26354B43007178C8 /* Build configuration list for PBXNativeTarget "YKAlertViewDemoTests" */;
			buildPhases = (
				8D74BBE226354B43007178C8 /* Sources */,
				8D74BBE326354B43007178C8 /* Frameworks */,
				8D74BBE426354B43007178C8 /* Resources */,
			);
			buildRules = (
			);
			dependencies = (
				8D74BBE826354B43007178C8 /* PBXTargetDependency */,
			);
			name = YKAlertViewDemoTests;
			productName = YKAlertViewDemoTests;
			productReference = 8D74BBE626354B43007178C8 /* YKAlertViewDemoTests.xctest */;
			productType = "com.apple.product-type.bundle.unit-test";
		};
		8D74BBF026354B43007178C8 /* YKAlertViewDemoUITests */ = {
			isa = PBXNativeTarget;
			buildConfigurationList = 8D74BC0026354B43007178C8 /* Build configuration list for PBXNativeTarget "YKAlertViewDemoUITests" */;
			buildPhases = (
				8D74BBED26354B43007178C8 /* Sources */,
				8D74BBEE26354B43007178C8 /* Frameworks */,
				8D74BBEF26354B43007178C8 /* Resources */,
			);
			buildRules = (
			);
			dependencies = (
				8D74BBF326354B43007178C8 /* PBXTargetDependency */,
			);
			name = YKAlertViewDemoUITests;
			productName = YKAlertViewDemoUITests;
			productReference = 8D74BBF126354B43007178C8 /* YKAlertViewDemoUITests.xctest */;
			productType = "com.apple.product-type.bundle.ui-testing";
		};
/* End PBXNativeTarget section */

/* Begin PBXProject section */
		8D74BBC326354B3F007178C8 /* Project object */ = {
			isa = PBXProject;
			attributes = {
				LastUpgradeCheck = 1200;
				TargetAttributes = {
					8D74BBCA26354B3F007178C8 = {
						CreatedOnToolsVersion = 12.0;
					};
					8D74BBE526354B43007178C8 = {
						CreatedOnToolsVersion = 12.0;
						TestTargetID = 8D74BBCA26354B3F007178C8;
					};
					8D74BBF026354B43007178C8 = {
						CreatedOnToolsVersion = 12.0;
						TestTargetID = 8D74BBCA26354B3F007178C8;
					};
				};
			};
			buildConfigurationList = 8D74BBC626354B3F007178C8 /* Build configuration list for PBXProject "YKAlertViewDemo" */;
			compatibilityVersion = "Xcode 9.3";
			developmentRegion = en;
			hasScannedForEncodings = 0;
			knownRegions = (
				en,
				Base,
			);
			mainGroup = 8D74BBC226354B3E007178C8;
			productRefGroup = 8D74BBCC26354B3F007178C8 /* Products */;
			projectDirPath = "";
			projectRoot = "";
			targets = (
				8D74BBCA26354B3F007178C8 /* YKAlertViewDemo */,
				8D74BBE526354B43007178C8 /* YKAlertViewDemoTests */,
				8D74BBF026354B43007178C8 /* YKAlertViewDemoUITests */,
			);
		};
/* End PBXProject section */

/* Begin PBXResourcesBuildPhase section */
		8D74BBC926354B3F007178C8 /* Resources */ = {
			isa = PBXResourcesBuildPhase;
			buildActionMask = 2147483647;
			files = (
				8DA4C5BB2638FB3F002A5412 /* YKActionSheetCell.xib in Resources */,
				8D74BBDE26354B42007178C8 /* LaunchScreen.storyboard in Resources */,
				8D74BBDB26354B42007178C8 /* Assets.xcassets in Resources */,
			);
			runOnlyForDeploymentPostprocessing = 0;
		};
		8D74BBE426354B43007178C8 /* Resources */ = {
			isa = PBXResourcesBuildPhase;
			buildActionMask = 2147483647;
			files = (
			);
			runOnlyForDeploymentPostprocessing = 0;
		};
		8D74BBEF26354B43007178C8 /* Resources */ = {
			isa = PBXResourcesBuildPhase;
			buildActionMask = 2147483647;
			files = (
			);
			runOnlyForDeploymentPostprocessing = 0;
		};
/* End PBXResourcesBuildPhase section */

/* Begin PBXSourcesBuildPhase section */
		8D74BBC726354B3F007178C8 /* Sources */ = {
			isa = PBXSourcesBuildPhase;
			buildActionMask = 2147483647;
			files = (
				8D74BBD026354B3F007178C8 /* AppDelegate.m in Sources */,
				8DA4C5B92638FB3F002A5412 /* YKAlertView.m in Sources */,
				8D74BBE126354B42007178C8 /* main.m in Sources */,
				8DA4C5B72638FB3F002A5412 /* SysAlertController.m in Sources */,
				8D74BC0B26354BC1007178C8 /* TableViewController.m in Sources */,
				8DA4C5BA2638FB3F002A5412 /* YKActionSheetCell.m in Sources */,
				8DA4C5B82638FB3F002A5412 /* SysAlertView.m in Sources */,
			);
			runOnlyForDeploymentPostprocessing = 0;
		};
		8D74BBE226354B43007178C8 /* Sources */ = {
			isa = PBXSourcesBuildPhase;
			buildActionMask = 2147483647;
			files = (
				8D74BBEB26354B43007178C8 /* YKAlertViewDemoTests.m in Sources */,
			);
			runOnlyForDeploymentPostprocessing = 0;
		};
		8D74BBED26354B43007178C8 /* Sources */ = {
			isa = PBXSourcesBuildPhase;
			buildActionMask = 2147483647;
			files = (
				8D74BBF626354B43007178C8 /* YKAlertViewDemoUITests.m in Sources */,
			);
			runOnlyForDeploymentPostprocessing = 0;
		};
/* End PBXSourcesBuildPhase section */

/* Begin PBXTargetDependency section */
		8D74BBE826354B43007178C8 /* PBXTargetDependency */ = {
			isa = PBXTargetDependency;
			target = 8D74BBCA26354B3F007178C8 /* YKAlertViewDemo */;
			targetProxy = 8D74BBE726354B43007178C8 /* PBXContainerItemProxy */;
		};
		8D74BBF326354B43007178C8 /* PBXTargetDependency */ = {
			isa = PBXTargetDependency;
			target = 8D74BBCA26354B3F007178C8 /* YKAlertViewDemo */;
			targetProxy = 8D74BBF226354B43007178C8 /* PBXContainerItemProxy */;
		};
/* End PBXTargetDependency section */

/* Begin PBXVariantGroup section */
		8D74BBDC26354B42007178C8 /* LaunchScreen.storyboard */ = {
			isa = PBXVariantGroup;
			children = (
				8D74BBDD26354B42007178C8 /* Base */,
			);
			name = LaunchScreen.storyboard;
			sourceTree = "<group>";
		};
/* End PBXVariantGroup section */

/* Begin XCBuildConfiguration section */
		8D74BBF826354B43007178C8 /* Debug */ = {
			isa = XCBuildConfiguration;
			buildSettings = {
				ALWAYS_SEARCH_USER_PATHS = NO;
				CLANG_ANALYZER_NONNULL = YES;
				CLANG_ANALYZER_NUMBER_OBJECT_CONVERSION = YES_AGGRESSIVE;
				CLANG_CXX_LANGUAGE_STANDARD = "gnu++14";
				CLANG_CXX_LIBRARY = "libc++";
				CLANG_ENABLE_MODULES = YES;
				CLANG_ENABLE_OBJC_ARC = YES;
				CLANG_ENABLE_OBJC_WEAK = YES;
				CLANG_WARN_BLOCK_CAPTURE_AUTORELEASING = YES;
				CLANG_WARN_BOOL_CONVERSION = YES;
				CLANG_WARN_COMMA = YES;
				CLANG_WARN_CONSTANT_CONVERSION = YES;
				CLANG_WARN_DEPRECATED_OBJC_IMPLEMENTATIONS = YES;
				CLANG_WARN_DIRECT_OBJC_ISA_USAGE = YES_ERROR;
				CLANG_WARN_DOCUMENTATION_COMMENTS = YES;
				CLANG_WARN_EMPTY_BODY = YES;
				CLANG_WARN_ENUM_CONVERSION = YES;
				CLANG_WARN_INFINITE_RECURSION = YES;
				CLANG_WARN_INT_CONVERSION = YES;
				CLANG_WARN_NON_LITERAL_NULL_CONVERSION = YES;
				CLANG_WARN_OBJC_IMPLICIT_RETAIN_SELF = YES;
				CLANG_WARN_OBJC_LITERAL_CONVERSION = YES;
				CLANG_WARN_OBJC_ROOT_CLASS = YES_ERROR;
				CLANG_WARN_QUOTED_INCLUDE_IN_FRAMEWORK_HEADER = YES;
				CLANG_WARN_RANGE_LOOP_ANALYSIS = YES;
				CLANG_WARN_STRICT_PROTOTYPES = YES;
				CLANG_WARN_SUSPICIOUS_MOVE = YES;
				CLANG_WARN_UNGUARDED_AVAILABILITY = YES_AGGRESSIVE;
				CLANG_WARN_UNREACHABLE_CODE = YES;
				CLANG_WARN__DUPLICATE_METHOD_MATCH = YES;
				COPY_PHASE_STRIP = NO;
				DEBUG_INFORMATION_FORMAT = dwarf;
				ENABLE_STRICT_OBJC_MSGSEND = YES;
				ENABLE_TESTABILITY = YES;
				GCC_C_LANGUAGE_STANDARD = gnu11;
				GCC_DYNAMIC_NO_PIC = NO;
				GCC_NO_COMMON_BLOCKS = YES;
				GCC_OPTIMIZATION_LEVEL = 0;
				GCC_PREPROCESSOR_DEFINITIONS = (
					"DEBUG=1",
					"$(inherited)",
				);
				GCC_WARN_64_TO_32_BIT_CONVERSION = YES;
				GCC_WARN_ABOUT_RETURN_TYPE = YES_ERROR;
				GCC_WARN_UNDECLARED_SELECTOR = YES;
				GCC_WARN_UNINITIALIZED_AUTOS = YES_AGGRESSIVE;
				GCC_WARN_UNUSED_FUNCTION = YES;
				GCC_WARN_UNUSED_VARIABLE = YES;
				IPHONEOS_DEPLOYMENT_TARGET = 14.0;
				MTL_ENABLE_DEBUG_INFO = INCLUDE_SOURCE;
				MTL_FAST_MATH = YES;
				ONLY_ACTIVE_ARCH = YES;
				SDKROOT = iphoneos;
			};
			name = Debug;
		};
		8D74BBF926354B43007178C8 /* Release */ = {
			isa = XCBuildConfiguration;
			buildSettings = {
				ALWAYS_SEARCH_USER_PATHS = NO;
				CLANG_ANALYZER_NONNULL = YES;
				CLANG_ANALYZER_NUMBER_OBJECT_CONVERSION = YES_AGGRESSIVE;
				CLANG_CXX_LANGUAGE_STANDARD = "gnu++14";
				CLANG_CXX_LIBRARY = "libc++";
				CLANG_ENABLE_MODULES = YES;
				CLANG_ENABLE_OBJC_ARC = YES;
				CLANG_ENABLE_OBJC_WEAK = YES;
				CLANG_WARN_BLOCK_CAPTURE_AUTORELEASING = YES;
				CLANG_WARN_BOOL_CONVERSION = YES;
				CLANG_WARN_COMMA = YES;
				CLANG_WARN_CONSTANT_CONVERSION = YES;
				CLANG_WARN_DEPRECATED_OBJC_IMPLEMENTATIONS = YES;
				CLANG_WARN_DIRECT_OBJC_ISA_USAGE = YES_ERROR;
				CLANG_WARN_DOCUMENTATION_COMMENTS = YES;
				CLANG_WARN_EMPTY_BODY = YES;
				CLANG_WARN_ENUM_CONVERSION = YES;
				CLANG_WARN_INFINITE_RECURSION = YES;
				CLANG_WARN_INT_CONVERSION = YES;
				CLANG_WARN_NON_LITERAL_NULL_CONVERSION = YES;
				CLANG_WARN_OBJC_IMPLICIT_RETAIN_SELF = YES;
				CLANG_WARN_OBJC_LITERAL_CONVERSION = YES;
				CLANG_WARN_OBJC_ROOT_CLASS = YES_ERROR;
				CLANG_WARN_QUOTED_INCLUDE_IN_FRAMEWORK_HEADER = YES;
				CLANG_WARN_RANGE_LOOP_ANALYSIS = YES;
				CLANG_WARN_STRICT_PROTOTYPES = YES;
				CLANG_WARN_SUSPICIOUS_MOVE = YES;
				CLANG_WARN_UNGUARDED_AVAILABILITY = YES_AGGRESSIVE;
				CLANG_WARN_UNREACHABLE_CODE = YES;
				CLANG_WARN__DUPLICATE_METHOD_MATCH = YES;
				COPY_PHASE_STRIP = NO;
				DEBUG_INFORMATION_FORMAT = "dwarf-with-dsym";
				ENABLE_NS_ASSERTIONS = NO;
				ENABLE_STRICT_OBJC_MSGSEND = YES;
				GCC_C_LANGUAGE_STANDARD = gnu11;
				GCC_NO_COMMON_BLOCKS = YES;
				GCC_WARN_64_TO_32_BIT_CONVERSION = YES;
				GCC_WARN_ABOUT_RETURN_TYPE = YES_ERROR;
				GCC_WARN_UNDECLARED_SELECTOR = YES;
				GCC_WARN_UNINITIALIZED_AUTOS = YES_AGGRESSIVE;
				GCC_WARN_UNUSED_FUNCTION = YES;
				GCC_WARN_UNUSED_VARIABLE = YES;
				IPHONEOS_DEPLOYMENT_TARGET = 14.0;
				MTL_ENABLE_DEBUG_INFO = NO;
				MTL_FAST_MATH = YES;
				SDKROOT = iphoneos;
				VALIDATE_PRODUCT = YES;
			};
			name = Release;
		};
		8D74BBFB26354B43007178C8 /* Debug */ = {
			isa = XCBuildConfiguration;
			buildSettings = {
				ASSETCATALOG_COMPILER_APPICON_NAME = AppIcon;
				ASSETCATALOG_COMPILER_GLOBAL_ACCENT_COLOR_NAME = AccentColor;
				CODE_SIGN_STYLE = Automatic;
				DEVELOPMENT_TEAM = 8J8RJU33QJ;
				INFOPLIST_FILE = YKAlertViewDemo/Info.plist;
				LD_RUNPATH_SEARCH_PATHS = (
					"$(inherited)",
					"@executable_path/Frameworks",
				);
				MARKETING_VERSION = 1.0.0;
				PRODUCT_BUNDLE_IDENTIFIER = Kelly.Platform.com.YKAlertViewDemo;
				PRODUCT_NAME = "$(TARGET_NAME)";
				TARGETED_DEVICE_FAMILY = "1,2";
			};
			name = Debug;
		};
		8D74BBFC26354B43007178C8 /* Release */ = {
			isa = XCBuildConfiguration;
			buildSettings = {
				ASSETCATALOG_COMPILER_APPICON_NAME = AppIcon;
				ASSETCATALOG_COMPILER_GLOBAL_ACCENT_COLOR_NAME = AccentColor;
				CODE_SIGN_STYLE = Automatic;
				DEVELOPMENT_TEAM = 8J8RJU33QJ;
				INFOPLIST_FILE = YKAlertViewDemo/Info.plist;
				LD_RUNPATH_SEARCH_PATHS = (
					"$(inherited)",
					"@executable_path/Frameworks",
				);
				MARKETING_VERSION = 1.0.0;
				PRODUCT_BUNDLE_IDENTIFIER = Kelly.Platform.com.YKAlertViewDemo;
				PRODUCT_NAME = "$(TARGET_NAME)";
				TARGETED_DEVICE_FAMILY = "1,2";
			};
			name = Release;
		};
		8D74BBFE26354B43007178C8 /* Debug */ = {
			isa = XCBuildConfiguration;
			buildSettings = {
				BUNDLE_LOADER = "$(TEST_HOST)";
				CODE_SIGN_STYLE = Automatic;
				DEVELOPMENT_TEAM = 8J8RJU33QJ;
				INFOPLIST_FILE = YKAlertViewDemoTests/Info.plist;
				IPHONEOS_DEPLOYMENT_TARGET = 14.0;
				LD_RUNPATH_SEARCH_PATHS = (
					"$(inherited)",
					"@executable_path/Frameworks",
					"@loader_path/Frameworks",
				);
				PRODUCT_BUNDLE_IDENTIFIER = Kelly.Platform.com.YKAlertViewDemoTests;
				PRODUCT_NAME = "$(TARGET_NAME)";
				TARGETED_DEVICE_FAMILY = "1,2";
				TEST_HOST = "$(BUILT_PRODUCTS_DIR)/YKAlertViewDemo.app/YKAlertViewDemo";
			};
			name = Debug;
		};
		8D74BBFF26354B43007178C8 /* Release */ = {
			isa = XCBuildConfiguration;
			buildSettings = {
				BUNDLE_LOADER = "$(TEST_HOST)";
				CODE_SIGN_STYLE = Automatic;
				DEVELOPMENT_TEAM = 8J8RJU33QJ;
				INFOPLIST_FILE = YKAlertViewDemoTests/Info.plist;
				IPHONEOS_DEPLOYMENT_TARGET = 14.0;
				LD_RUNPATH_SEARCH_PATHS = (
					"$(inherited)",
					"@executable_path/Frameworks",
					"@loader_path/Frameworks",
				);
				PRODUCT_BUNDLE_IDENTIFIER = Kelly.Platform.com.YKAlertViewDemoTests;
				PRODUCT_NAME = "$(TARGET_NAME)";
				TARGETED_DEVICE_FAMILY = "1,2";
				TEST_HOST = "$(BUILT_PRODUCTS_DIR)/YKAlertViewDemo.app/YKAlertViewDemo";
			};
			name = Release;
		};
		8D74BC0126354B43007178C8 /* Debug */ = {
			isa = XCBuildConfiguration;
			buildSettings = {
				CODE_SIGN_STYLE = Automatic;
				DEVELOPMENT_TEAM = 8J8RJU33QJ;
				INFOPLIST_FILE = YKAlertViewDemoUITests/Info.plist;
				LD_RUNPATH_SEARCH_PATHS = (
					"$(inherited)",
					"@executable_path/Frameworks",
					"@loader_path/Frameworks",
				);
				PRODUCT_BUNDLE_IDENTIFIER = Kelly.Platform.com.YKAlertViewDemoUITests;
				PRODUCT_NAME = "$(TARGET_NAME)";
				TARGETED_DEVICE_FAMILY = "1,2";
				TEST_TARGET_NAME = YKAlertViewDemo;
			};
			name = Debug;
		};
		8D74BC0226354B43007178C8 /* Release */ = {
			isa = XCBuildConfiguration;
			buildSettings = {
				CODE_SIGN_STYLE = Automatic;
				DEVELOPMENT_TEAM = 8J8RJU33QJ;
				INFOPLIST_FILE = YKAlertViewDemoUITests/Info.plist;
				LD_RUNPATH_SEARCH_PATHS = (
					"$(inherited)",
					"@executable_path/Frameworks",
					"@loader_path/Frameworks",
				);
				PRODUCT_BUNDLE_IDENTIFIER = Kelly.Platform.com.YKAlertViewDemoUITests;
				PRODUCT_NAME = "$(TARGET_NAME)";
				TARGETED_DEVICE_FAMILY = "1,2";
				TEST_TARGET_NAME = YKAlertViewDemo;
			};
			name = Release;
		};
/* End XCBuildConfiguration section */

/* Begin XCConfigurationList section */
		8D74BBC626354B3F007178C8 /* Build configuration list for PBXProject "YKAlertViewDemo" */ = {
			isa = XCConfigurationList;
			buildConfigurations = (
				8D74BBF826354B43007178C8 /* Debug */,
				8D74BBF926354B43007178C8 /* Release */,
			);
			defaultConfigurationIsVisible = 0;
			defaultConfigurationName = Release;
		};
		8D74BBFA26354B43007178C8 /* Build configuration list for PBXNativeTarget "YKAlertViewDemo" */ = {
			isa = XCConfigurationList;
			buildConfigurations = (
				8D74BBFB26354B43007178C8 /* Debug */,
				8D74BBFC26354B43007178C8 /* Release */,
			);
			defaultConfigurationIsVisible = 0;
			defaultConfigurationName = Release;
		};
		8D74BBFD26354B43007178C8 /* Build configuration list for PBXNativeTarget "YKAlertViewDemoTests" */ = {
			isa = XCConfigurationList;
			buildConfigurations = (
				8D74BBFE26354B43007178C8 /* Debug */,
				8D74BBFF26354B43007178C8 /* Release */,
			);
			defaultConfigurationIsVisible = 0;
			defaultConfigurationName = Release;
		};
		8D74BC0026354B43007178C8 /* Build configuration list for PBXNativeTarget "YKAlertViewDemoUITests" */ = {
			isa = XCConfigurationList;
			buildConfigurations = (
				8D74BC0126354B43007178C8 /* Debug */,
				8D74BC0226354B43007178C8 /* Release */,
			);
			defaultConfigurationIsVisible = 0;
			defaultConfigurationName = Release;
		};
/* End XCConfigurationList section */
	};
	rootObject = 8D74BBC326354B3F007178C8 /* Project object */;
}
